
Microsoft Visual Studio Solution File, Format Version 12.00
# Visual Studio Version 17
VisualStudioVersion = 17.4.33213.308
MinimumVisualStudioVersion = 10.0.40219.1
Project("{FAE04EC0-301F-11D3-BF4B-00C04F79EFBC}") = "UC1EmployeeWage", "UC1EmployeeWage.csproj", "{FABC392F-F318-460E-B8D3-F7D11D4C009F}"
EndProject
Global
	GlobalSection(SolutionConfigurationPlatforms) = preSolution
		Debug|Any CPU = Debug|Any CPU
		Release|Any CPU = Release|Any CPU
	EndGlobalSection
	GlobalSection(ProjectConfigurationPlatforms) = postSolution
		{FABC392F-F318-460E-B8D3-F7D11D4C009F}.Debug|Any CPU.ActiveCfg = Debug|Any CPU
		{FABC392F-F318-460E-B8D3-F7D11D4C009F}.Debug|Any CPU.Build.0 = Debug|Any CPU
		{FABC392F-F318-460E-B8D3-F7D11D4C009F}.Release|Any CPU.ActiveCfg = Release|Any CPU
		{FABC392F-F318-460E-B8D3-F7D11D4C009F}.Release|Any CPU.Build.0 = Release|Any CPU
	EndGlobalSection
	GlobalSection(SolutionProperties) = preSolution
		HideSolutionNode = FALSE
	EndGlobalSection
	GlobalSection(ExtensibilityGlobals) = postSolution
		SolutionGuid = {72C778D1-C970-49F1-AE08-95E5915E8777}
	EndGlobalSection
EndGlobal
