
Microsoft Visual Studio Solution File, Format Version 12.00
# Visual Studio Version 17
VisualStudioVersion = 17.4.33213.308
MinimumVisualStudioVersion = 10.0.40219.1
Project("{FAE04EC0-301F-11D3-BF4B-00C04F79EFBC}") = "UC6EmployeeWage", "UC6EmployeeWage.csproj", "{D5498182-3B9C-4734-AFE0-114DEEF5788B}"
EndProject
Global
	GlobalSection(SolutionConfigurationPlatforms) = preSolution
		Debug|Any CPU = Debug|Any CPU
		Release|Any CPU = Release|Any CPU
	EndGlobalSection
	GlobalSection(ProjectConfigurationPlatforms) = postSolution
		{D5498182-3B9C-4734-AFE0-114DEEF5788B}.Debug|Any CPU.ActiveCfg = Debug|Any CPU
		{D5498182-3B9C-4734-AFE0-114DEEF5788B}.Debug|Any CPU.Build.0 = Debug|Any CPU
		{D5498182-3B9C-4734-AFE0-114DEEF5788B}.Release|Any CPU.ActiveCfg = Release|Any CPU
		{D5498182-3B9C-4734-AFE0-114DEEF5788B}.Release|Any CPU.Build.0 = Release|Any CPU
	EndGlobalSection
	GlobalSection(SolutionProperties) = preSolution
		HideSolutionNode = FALSE
	EndGlobalSection
	GlobalSection(ExtensibilityGlobals) = postSolution
		SolutionGuid = {A6345CEF-9254-41EA-A41F-4EC8641E2B69}
	EndGlobalSection
EndGlobal
